// !$*UTF8*$!
{
	archiveVersion = 1;
	classes = {
	};
	objectVersion = 110;
	objects = {

/* Begin PBXBuildFile section */
		CA10000130293E5700D776CF /* CarinaCore in Frameworks */ = {isa = PBXBuildFile; productRef = CA10001130293E5700D776CF /* CarinaCore */; };
		CA10000230293E5700D776CF /* CarinaCore in Frameworks */ = {isa = PBXBuildFile; productRef = CA10001230293E5700D776CF /* CarinaCore */; };
/* End PBXBuildFile section */

/* Begin PBXContainerItemProxy section */
		9DCB2E4830293E5B00D776CF /* PBXContainerItemProxy */ = {
			isa = PBXContainerItemProxy;
			containerPortal = 9DCB2E3230293E5700D776CF /* Project object */;
			proxyType = 1;
			remoteGlobalIDString = 9DCB2E3930293E5700D776CF;
			remoteInfo = Carina;
		};
		9DCB2E5230293E5B00D776CF /* PBXContainerItemProxy */ = {
			isa = PBXContainerItemProxy;
			containerPortal = 9DCB2E3230293E5700D776CF /* Project object */;
			proxyType = 1;
			remoteGlobalIDString = 9DCB2E3930293E5700D776CF;
			remoteInfo = Carina;
		};
/* End PBXContainerItemProxy section */

/* Begin PBXFileReference section */
		9DCB2E3A30293E5700D776CF /* Carina.app */ = {isa = PBXFileReference; explicitFileType = wrapper.application; includeInIndex = 0; path = Carina.app; sourceTree = BUILT_PRODUCTS_DIR; };
		9DCB2E4730293E5B00D776CF /* CarinaTests.xctest */ = {isa = PBXFileReference; explicitFileType = wrapper.cfbundle; includeInIndex = 0; path = CarinaTests.xctest; sourceTree = BUILT_PRODUCTS_DIR; };
		9DCB2E5130293E5B00D776CF /* CarinaUITests.xctest */ = {isa = PBXFileReference; explicitFileType = wrapper.cfbundle; includeInIndex = 0; path = CarinaUITests.xctest; sourceTree = BUILT_PRODUCTS_DIR; };
/* End PBXFileReference section */

/* Begin PBXFileSystemSynchronizedRootGroup section */
		9DCB2E3C30293E5700D776CF /* Carina */ = {
			isa = PBXFileSystemSynchronizedRootGroup;
			path = CarinaMacApp/Sources/CarinaMacApp;
			sourceTree = "<group>";
		};
		9DCB2E4A30293E5B00D776CF /* CarinaTests */ = {
			isa = PBXFileSystemSynchronizedRootGroup;
			path = CARINAApprovalBoundary/Tests/CarinaTests;
			sourceTree = "<group>";
		};
		9DCB2E5430293E5B00D776CF /* CarinaUITests */ = {
			isa = PBXFileSystemSynchronizedRootGroup;
			path = CarinaUITests;
			sourceTree = "<group>";
		};
/* End PBXFileSystemSynchronizedRootGroup section */

/* Begin PBXFrameworksBuildPhase section */
		9DCB2E3730293E5700D776CF /* Frameworks */ = {
			isa = PBXFrameworksBuildPhase;
			files = (
				CA10000130293E5700D776CF /* CarinaCore in Frameworks */,
			);
		};
		9DCB2E4430293E5B00D776CF /* Frameworks */ = {
			isa = PBXFrameworksBuildPhase;
			files = (
				CA10000230293E5700D776CF /* CarinaCore in Frameworks */,
			);
		};
		9DCB2E4E30293E5B00D776CF /* Frameworks */ = {
			isa = PBXFrameworksBuildPhase;
			files = (
			);
		};
/* End PBXFrameworksBuildPhase section */

/* Begin PBXGroup section */
		9DCB2E3130293E5700D776CF = {
			isa = PBXGroup;
			children = (
				9DCB2E3C30293E5700D776CF /* Carina */,
				9DCB2E4A30293E5B00D776CF /* CarinaTests */,
				9DCB2E5430293E5B00D776CF /* CarinaUITests */,
				9DCB2E3B30293E5700D776CF /* Products */,
			);
			sourceTree = "<group>";
		};
		9DCB2E3B30293E5700D776CF /* Products */ = {
			isa = PBXGroup;
			children = (
				9DCB2E3A30293E5700D776CF /* Carina.app */,
				9DCB2E4730293E5B00D776CF /* CarinaTests.xctest */,
				9DCB2E5130293E5B00D776CF /* CarinaUITests.xctest */,
			);
			name = Products;
			sourceTree = "<group>";
		};
/* End PBXGroup section */

/* Begin PBXNativeTarget section */
		9DCB2E3930293E5700D776CF /* Carina */ = {
			isa = PBXNativeTarget;
			buildConfigurationList = 9DCB2E5930293E5B00D776CF /* Build configuration list for PBXNativeTarget "Carina" */;
			buildPhases = (
				9DCB2E3630293E5700D776CF /* Sources */,
				9DCB2E3730293E5700D776CF /* Frameworks */,
				9DCB2E3830293E5700D776CF /* Resources */,
			);
			buildRules = (
			);
			fileSystemSynchronizedGroups = (
				9DCB2E3C30293E5700D776CF /* Carina */,
			);
			name = Carina;
			packageProductDependencies = (
				CA10001130293E5700D776CF /* CarinaCore */,
			);
			productName = Carina;
			productReference = 9DCB2E3A30293E5700D776CF /* Carina.app */;
			productType = "com.apple.product-type.application";
		};
		9DCB2E4630293E5B00D776CF /* CarinaTests */ = {
			isa = PBXNativeTarget;
			buildConfigurationList = 9DCB2E5C30293E5B00D776CF /* Build configuration list for PBXNativeTarget "CarinaTests" */;
			buildPhases = (
				9DCB2E4330293E5B00D776CF /* Sources */,
				9DCB2E4430293E5B00D776CF /* Frameworks */,
				9DCB2E4530293E5B00D776CF /* Resources */,
			);
			buildRules = (
			);
			dependencies = (
				9DCB2E4930293E5B00D776CF /* PBXTargetDependency */,
			);
			fileSystemSynchronizedGroups = (
				9DCB2E4A30293E5B00D776CF /* CarinaTests */,
			);
			name = CarinaTests;
			packageProductDependencies = (
				CA10001230293E5700D776CF /* CarinaCore */,
			);
			productName = CarinaTests;
			productReference = 9DCB2E4730293E5B00D776CF /* CarinaTests.xctest */;
			productType = "com.apple.product-type.bundle.unit-test";
		};
		9DCB2E5030293E5B00D776CF /* CarinaUITests */ = {
			isa = PBXNativeTarget;
			buildConfigurationList = 9DCB2E5F30293E5B00D776CF /* Build configuration list for PBXNativeTarget "CarinaUITests" */;
			buildPhases = (
				9DCB2E4D30293E5B00D776CF /* Sources */,
				9DCB2E4E30293E5B00D776CF /* Frameworks */,
				9DCB2E4F30293E5B00D776CF /* Resources */,
			);
			buildRules = (
			);
			dependencies = (
				9DCB2E5330293E5B00D776CF /* PBXTargetDependency */,
			);
			fileSystemSynchronizedGroups = (
				9DCB2E5430293E5B00D776CF /* CarinaUITests */,
			);
			name = CarinaUITests;
			productName = CarinaUITests;
			productReference = 9DCB2E5130293E5B00D776CF /* CarinaUITests.xctest */;
			productType = "com.apple.product-type.bundle.ui-testing";
		};
/* End PBXNativeTarget section */

/* Begin PBXProject section */
		9DCB2E3230293E5700D776CF /* Project object */ = {
			isa = PBXProject;
			attributes = {
				BuildIndependentTargetsInParallel = 1;
				LastSwiftUpdateCheck = 2700;
				LastUpgradeCheck = 2700;
				TargetAttributes = {
					9DCB2E3930293E5700D776CF = {
						CreatedOnToolsVersion = 27.0;
					};
					9DCB2E4630293E5B00D776CF = {
						CreatedOnToolsVersion = 27.0;
						TestTargetID = 9DCB2E3930293E5700D776CF;
					};
					9DCB2E5030293E5B00D776CF = {
						CreatedOnToolsVersion = 27.0;
						TestTargetID = 9DCB2E3930293E5700D776CF;
					};
				};
			};
			buildConfigurationList = 9DCB2E3530293E5700D776CF /* Build configuration list for PBXProject "Carina" */;
			developmentRegion = en;
			hasScannedForEncodings = 0;
			knownRegions = (
				en,
				Base,
			);
			mainGroup = 9DCB2E3130293E5700D776CF;
			minimizedProjectReferenceProxies = 1;
			preferredProjectObjectVersion = 77;
			productRefGroup = 9DCB2E3B30293E5700D776CF /* Products */;
			projectDirPath = "";
			projectRoot = "";
			packageReferences = (
				CA10001030293E5700D776CF /* XCLocalSwiftPackageReference "CARINAApprovalBoundary" */,
			);
			targets = (
				9DCB2E3930293E5700D776CF /* Carina */,
				9DCB2E4630293E5B00D776CF /* CarinaTests */,
				9DCB2E5030293E5B00D776CF /* CarinaUITests */,
			);
		};
/* End PBXProject section */

/* Begin XCLocalSwiftPackageReference section */
		CA10001030293E5700D776CF /* XCLocalSwiftPackageReference "CARINAApprovalBoundary" */ = {
			isa = XCLocalSwiftPackageReference;
			relativePath = CARINAApprovalBoundary;
		};
/* End XCLocalSwiftPackageReference section */

/* Begin XCSwiftPackageProductDependency section */
		CA10001130293E5700D776CF /* CarinaCore */ = {
			isa = XCSwiftPackageProductDependency;
			package = CA10001030293E5700D776CF /* XCLocalSwiftPackageReference "CARINAApprovalBoundary" */;
			productName = CarinaCore;
		};
		CA10001230293E5700D776CF /* CarinaCore */ = {
			isa = XCSwiftPackageProductDependency;
			package = CA10001030293E5700D776CF /* XCLocalSwiftPackageReference "CARINAApprovalBoundary" */;
			productName = CarinaCore;
		};
/* End XCSwiftPackageProductDependency section */

/* Begin PBXResourcesBuildPhase section */
		9DCB2E3830293E5700D776CF /* Resources */ = {
			isa = PBXResourcesBuildPhase;
			files = (
			);
		};
		9DCB2E4530293E5B00D776CF /* Resources */ = {
			isa = PBXResourcesBuildPhase;
			files = (
			);
		};
		9DCB2E4F30293E5B00D776CF /* Resources */ = {
			isa = PBXResourcesBuildPhase;
			files = (
			);
		};
/* End PBXResourcesBuildPhase section */

/* Begin PBXSourcesBuildPhase section */
		9DCB2E3630293E5700D776CF /* Sources */ = {
			isa = PBXSourcesBuildPhase;
			files = (
			);
		};
		9DCB2E4330293E5B00D776CF /* Sources */ = {
			isa = PBXSourcesBuildPhase;
			files = (
			);
		};
		9DCB2E4D30293E5B00D776CF /* Sources */ = {
			isa = PBXSourcesBuildPhase;
			files = (
			);
		};
/* End PBXSourcesBuildPhase section */

/* Begin PBXTargetDependency section */
		9DCB2E4930293E5B00D776CF /* PBXTargetDependency */ = {
			isa = PBXTargetDependency;
			target = 9DCB2E3930293E5700D776CF /* Carina */;
			targetProxy = 9DCB2E4830293E5B00D776CF /* PBXContainerItemProxy */;
		};
		9DCB2E5330293E5B00D776CF /* PBXTargetDependency */ = {
			isa = PBXTargetDependency;
			target = 9DCB2E3930293E5700D776CF /* Carina */;
			targetProxy = 9DCB2E5230293E5B00D776CF /* PBXContainerItemProxy */;
		};
/* End PBXTargetDependency section */

/* Begin XCBuildConfiguration section */
		9DCB2E5730293E5B00D776CF /* Debug configuration for PBXProject "Carina" */ = {
			isa = XCBuildConfiguration;
			buildSettings = {
				ALWAYS_SEARCH_USER_PATHS = NO;
				ASSETCATALOG_COMPILER_GENERATE_SWIFT_ASSET_SYMBOL_EXTENSIONS = YES;
				CLANG_ANALYZER_NONNULL = YES;
				CLANG_ANALYZER_NUMBER_OBJECT_CONVERSION = YES_AGGRESSIVE;
				CLANG_CXX_LANGUAGE_STANDARD = "gnu++20";
				CLANG_ENABLE_MODULES = YES;
				CLANG_ENABLE_OBJC_ARC = YES;
				CLANG_ENABLE_OBJC_WEAK = YES;
				CLANG_WARN_BLOCK_CAPTURE_AUTORELEASING = YES;
				CLANG_WARN_BOOL_CONVERSION = YES;
				CLANG_WARN_COMMA = YES;
				CLANG_WARN_CONSTANT_CONVERSION = YES;
				CLANG_WARN_DEPRECATED_OBJC_IMPLEMENTATIONS = YES;
				CLANG_WARN_DIRECT_OBJC_ISA_USAGE = YES_ERROR;
				CLANG_WARN_DOCUMENTATION_COMMENTS = YES;
				CLANG_WARN_EMPTY_BODY = YES;
				CLANG_WARN_ENUM_CONVERSION = YES;
				CLANG_WARN_INFINITE_RECURSION = YES;
				CLANG_WARN_INT_CONVERSION = YES;
				CLANG_WARN_NON_LITERAL_NULL_CONVERSION = YES;
				CLANG_WARN_OBJC_IMPLICIT_RETAIN_SELF = YES;
				CLANG_WARN_OBJC_LITERAL_CONVERSION = YES;
				CLANG_WARN_OBJC_ROOT_CLASS = YES_ERROR;
				CLANG_WARN_QUOTED_INCLUDE_IN_FRAMEWORK_HEADER = YES;
				CLANG_WARN_RANGE_LOOP_ANALYSIS = YES;
				CLANG_WARN_STRICT_PROTOTYPES = YES;
				CLANG_WARN_SUSPICIOUS_MOVE = YES;
				CLANG_WARN_UNGUARDED_AVAILABILITY = YES_AGGRESSIVE;
				CLANG_WARN_UNREACHABLE_CODE = YES;
				CLANG_WARN__DUPLICATE_METHOD_MATCH = YES;
				COPY_PHASE_STRIP = NO;
				DEBUG_INFORMATION_FORMAT = dwarf;
				DEVELOPMENT_TEAM = S6FYTWBGVH;
				ENABLE_STRICT_OBJC_MSGSEND = YES;
				ENABLE_TESTABILITY = YES;
				ENABLE_USER_SCRIPT_SANDBOXING = YES;
				GCC_C_LANGUAGE_STANDARD = gnu17;
				GCC_DYNAMIC_NO_PIC = NO;
				GCC_NO_COMMON_BLOCKS = YES;
				GCC_OPTIMIZATION_LEVEL = 0;
				GCC_PREPROCESSOR_DEFINITIONS = (
					"DEBUG=1",
					"$(inherited)",
				);
				GCC_WARN_64_TO_32_BIT_CONVERSION = YES;
				GCC_WARN_ABOUT_RETURN_TYPE = YES_ERROR;
				GCC_WARN_UNDECLARED_SELECTOR = YES;
				GCC_WARN_UNINITIALIZED_AUTOS = YES_AGGRESSIVE;
				GCC_WARN_UNUSED_FUNCTION = YES;
				GCC_WARN_UNUSED_VARIABLE = YES;
				LOCALIZATION_PREFERS_STRING_CATALOGS = YES;
				MACOSX_DEPLOYMENT_TARGET = 27.0;
				MTL_ENABLE_DEBUG_INFO = INCLUDE_SOURCE;
				MTL_FAST_MATH = YES;
				ONLY_ACTIVE_ARCH = YES;
				SDKROOT = macosx;
				SWIFT_ACTIVE_COMPILATION_CONDITIONS = "DEBUG $(inherited)";
				SWIFT_OPTIMIZATION_LEVEL = "-Onone";
			};
			name = Debug;
		};
		9DCB2E5830293E5B00D776CF /* Release configuration for PBXProject "Carina" */ = {
			isa = XCBuildConfiguration;
			buildSettings = {
				ALWAYS_SEARCH_USER_PATHS = NO;
				ASSETCATALOG_COMPILER_GENERATE_SWIFT_ASSET_SYMBOL_EXTENSIONS = YES;
				CLANG_ANALYZER_NONNULL = YES;
				CLANG_ANALYZER_NUMBER_OBJECT_CONVERSION = YES_AGGRESSIVE;
				CLANG_CXX_LANGUAGE_STANDARD = "gnu++20";
				CLANG_ENABLE_MODULES = YES;
				CLANG_ENABLE_OBJC_ARC = YES;
				CLANG_ENABLE_OBJC_WEAK = YES;
				CLANG_WARN_BLOCK_CAPTURE_AUTORELEASING = YES;
				CLANG_WARN_BOOL_CONVERSION = YES;
				CLANG_WARN_COMMA = YES;
				CLANG_WARN_CONSTANT_CONVERSION = YES;
				CLANG_WARN_DEPRECATED_OBJC_IMPLEMENTATIONS = YES;
				CLANG_WARN_DIRECT_OBJC_ISA_USAGE = YES_ERROR;
				CLANG_WARN_DOCUMENTATION_COMMENTS = YES;
				CLANG_WARN_EMPTY_BODY = YES;
				CLANG_WARN_ENUM_CONVERSION = YES;
				CLANG_WARN_INFINITE_RECURSION = YES;
				CLANG_WARN_INT_CONVERSION = YES;
				CLANG_WARN_NON_LITERAL_NULL_CONVERSION = YES;
				CLANG_WARN_OBJC_IMPLICIT_RETAIN_SELF = YES;
				CLANG_WARN_OBJC_LITERAL_CONVERSION = YES;
				CLANG_WARN_OBJC_ROOT_CLASS = YES_ERROR;
				CLANG_WARN_QUOTED_INCLUDE_IN_FRAMEWORK_HEADER = YES;
				CLANG_WARN_RANGE_LOOP_ANALYSIS = YES;
				CLANG_WARN_STRICT_PROTOTYPES = YES;
				CLANG_WARN_SUSPICIOUS_MOVE = YES;
				CLANG_WARN_UNGUARDED_AVAILABILITY = YES_AGGRESSIVE;
				CLANG_WARN_UNREACHABLE_CODE = YES;
				CLANG_WARN__DUPLICATE_METHOD_MATCH = YES;
				COPY_PHASE_STRIP = NO;
				DEBUG_INFORMATION_FORMAT = "dwarf-with-dsym";
				DEVELOPMENT_TEAM = S6FYTWBGVH;
				ENABLE_NS_ASSERTIONS = NO;
				ENABLE_STRICT_OBJC_MSGSEND = YES;
				ENABLE_USER_SCRIPT_SANDBOXING = YES;
				GCC_C_LANGUAGE_STANDARD = gnu17;
				GCC_NO_COMMON_BLOCKS = YES;
				GCC_WARN_64_TO_32_BIT_CONVERSION = YES;
				GCC_WARN_ABOUT_RETURN_TYPE = YES_ERROR;
				GCC_WARN_UNDECLARED_SELECTOR = YES;
				GCC_WARN_UNINITIALIZED_AUTOS = YES_AGGRESSIVE;
				GCC_WARN_UNUSED_FUNCTION = YES;
				GCC_WARN_UNUSED_VARIABLE = YES;
				LOCALIZATION_PREFERS_STRING_CATALOGS = YES;
				MACOSX_DEPLOYMENT_TARGET = 27.0;
				MTL_ENABLE_DEBUG_INFO = NO;
				MTL_FAST_MATH = YES;
				SDKROOT = macosx;
				SWIFT_COMPILATION_MODE = wholemodule;
			};
			name = Release;
		};
		9DCB2E5A30293E5B00D776CF /* Debug configuration for PBXNativeTarget "Carina" */ = {
			isa = XCBuildConfiguration;
			buildSettings = {
				ASSETCATALOG_COMPILER_APPICON_NAME = AppIcon;
				ASSETCATALOG_COMPILER_GLOBAL_ACCENT_COLOR_NAME = AccentColor;
				CODE_SIGN_STYLE = Automatic;
				COMBINE_HIDPI_IMAGES = YES;
				CURRENT_PROJECT_VERSION = 1;
				DEVELOPMENT_TEAM = S6FYTWBGVH;
				ENABLE_APP_SANDBOX = YES;
				ENABLE_HARDENED_RUNTIME = YES;
				ENABLE_PREVIEWS = YES;
				ENABLE_USER_SELECTED_FILES = readonly;
				GENERATE_INFOPLIST_FILE = YES;
				INFOPLIST_KEY_NSHumanReadableCopyright = "";
				LD_RUNPATH_SEARCH_PATHS = (
					"$(inherited)",
					"@executable_path/../Frameworks",
				);
				MARKETING_VERSION = 1.0;
				PRODUCT_BUNDLE_IDENTIFIER = com.leandrofajardo.Carina;
				PRODUCT_MODULE_NAME = CarinaMacApp;
				PRODUCT_NAME = "$(TARGET_NAME)";
				REGISTER_APP_GROUPS = YES;
				STRING_CATALOG_GENERATE_SYMBOLS = YES;
				SWIFT_APPROACHABLE_CONCURRENCY = YES;
				SWIFT_DEFAULT_ACTOR_ISOLATION = MainActor;
				SWIFT_EMIT_LOC_STRINGS = YES;
				SWIFT_UPCOMING_FEATURE_MEMBER_IMPORT_VISIBILITY = YES;
				SWIFT_VERSION = 5.0;
			};
			name = Debug;
		};
		9DCB2E5B30293E5B00D776CF /* Release configuration for PBXNativeTarget "Carina" */ = {
			isa = XCBuildConfiguration;
			buildSettings = {
				ASSETCATALOG_COMPILER_APPICON_NAME = AppIcon;
				ASSETCATALOG_COMPILER_GLOBAL_ACCENT_COLOR_NAME = AccentColor;
				CODE_SIGN_STYLE = Automatic;
				COMBINE_HIDPI_IMAGES = YES;
				CURRENT_PROJECT_VERSION = 1;
				DEVELOPMENT_TEAM = S6FYTWBGVH;
				ENABLE_APP_SANDBOX = YES;
				ENABLE_HARDENED_RUNTIME = YES;
				ENABLE_PREVIEWS = YES;
				ENABLE_USER_SELECTED_FILES = readonly;
				GENERATE_INFOPLIST_FILE = YES;
				INFOPLIST_KEY_NSHumanReadableCopyright = "";
				LD_RUNPATH_SEARCH_PATHS = (
					"$(inherited)",
					"@executable_path/../Frameworks",
				);
				MARKETING_VERSION = 1.0;
				PRODUCT_BUNDLE_IDENTIFIER = com.leandrofajardo.Carina;
				PRODUCT_MODULE_NAME = CarinaMacApp;
				PRODUCT_NAME = "$(TARGET_NAME)";
				REGISTER_APP_GROUPS = YES;
				STRING_CATALOG_GENERATE_SYMBOLS = YES;
				SWIFT_APPROACHABLE_CONCURRENCY = YES;
				SWIFT_DEFAULT_ACTOR_ISOLATION = MainActor;
				SWIFT_EMIT_LOC_STRINGS = YES;
				SWIFT_UPCOMING_FEATURE_MEMBER_IMPORT_VISIBILITY = YES;
				SWIFT_VERSION = 5.0;
			};
			name = Release;
		};
		9DCB2E5D30293E5B00D776CF /* Debug configuration for PBXNativeTarget "CarinaTests" */ = {
			isa = XCBuildConfiguration;
			buildSettings = {
				BUNDLE_LOADER = "$(TEST_HOST)";
				CODE_SIGN_STYLE = Automatic;
				CURRENT_PROJECT_VERSION = 1;
				DEVELOPMENT_TEAM = S6FYTWBGVH;
				GENERATE_INFOPLIST_FILE = YES;
				MACOSX_DEPLOYMENT_TARGET = 27.0;
				MARKETING_VERSION = 1.0;
				PRODUCT_BUNDLE_IDENTIFIER = com.leandrofajardo.CarinaTests;
				PRODUCT_NAME = "$(TARGET_NAME)";
				STRING_CATALOG_GENERATE_SYMBOLS = NO;
				SWIFT_APPROACHABLE_CONCURRENCY = YES;
				SWIFT_EMIT_LOC_STRINGS = NO;
				SWIFT_UPCOMING_FEATURE_MEMBER_IMPORT_VISIBILITY = YES;
				SWIFT_VERSION = 5.0;
				TEST_HOST = "$(BUILT_PRODUCTS_DIR)/Carina.app/$(BUNDLE_EXECUTABLE_FOLDER_PATH)/Carina";
			};
			name = Debug;
		};
		9DCB2E5E30293E5B00D776CF /* Release configuration for PBXNativeTarget "CarinaTests" */ = {
			isa = XCBuildConfiguration;
			buildSettings = {
				BUNDLE_LOADER = "$(TEST_HOST)";
				CODE_SIGN_STYLE = Automatic;
				CURRENT_PROJECT_VERSION = 1;
				DEVELOPMENT_TEAM = S6FYTWBGVH;
				GENERATE_INFOPLIST_FILE = YES;
				MACOSX_DEPLOYMENT_TARGET = 27.0;
				MARKETING_VERSION = 1.0;
				PRODUCT_BUNDLE_IDENTIFIER = com.leandrofajardo.CarinaTests;
				PRODUCT_NAME = "$(TARGET_NAME)";
				STRING_CATALOG_GENERATE_SYMBOLS = NO;
				SWIFT_APPROACHABLE_CONCURRENCY = YES;
				SWIFT_EMIT_LOC_STRINGS = NO;
				SWIFT_UPCOMING_FEATURE_MEMBER_IMPORT_VISIBILITY = YES;
				SWIFT_VERSION = 5.0;
				TEST_HOST = "$(BUILT_PRODUCTS_DIR)/Carina.app/$(BUNDLE_EXECUTABLE_FOLDER_PATH)/Carina";
			};
			name = Release;
		};
		9DCB2E6030293E5B00D776CF /* Debug configuration for PBXNativeTarget "CarinaUITests" */ = {
			isa = XCBuildConfiguration;
			buildSettings = {
				CODE_SIGN_STYLE = Automatic;
				CURRENT_PROJECT_VERSION = 1;
				DEVELOPMENT_TEAM = S6FYTWBGVH;
				GENERATE_INFOPLIST_FILE = YES;
				MARKETING_VERSION = 1.0;
				PRODUCT_BUNDLE_IDENTIFIER = com.leandrofajardo.CarinaUITests;
				PRODUCT_NAME = "$(TARGET_NAME)";
				STRING_CATALOG_GENERATE_SYMBOLS = NO;
				SWIFT_APPROACHABLE_CONCURRENCY = YES;
				SWIFT_EMIT_LOC_STRINGS = NO;
				SWIFT_UPCOMING_FEATURE_MEMBER_IMPORT_VISIBILITY = YES;
				SWIFT_VERSION = 5.0;
				TEST_TARGET_NAME = Carina;
			};
			name = Debug;
		};
		9DCB2E6130293E5B00D776CF /* Release configuration for PBXNativeTarget "CarinaUITests" */ = {
			isa = XCBuildConfiguration;
			buildSettings = {
				CODE_SIGN_STYLE = Automatic;
				CURRENT_PROJECT_VERSION = 1;
				DEVELOPMENT_TEAM = S6FYTWBGVH;
				GENERATE_INFOPLIST_FILE = YES;
				MARKETING_VERSION = 1.0;
				PRODUCT_BUNDLE_IDENTIFIER = com.leandrofajardo.CarinaUITests;
				PRODUCT_NAME = "$(TARGET_NAME)";
				STRING_CATALOG_GENERATE_SYMBOLS = NO;
				SWIFT_APPROACHABLE_CONCURRENCY = YES;
				SWIFT_EMIT_LOC_STRINGS = NO;
				SWIFT_UPCOMING_FEATURE_MEMBER_IMPORT_VISIBILITY = YES;
				SWIFT_VERSION = 5.0;
				TEST_TARGET_NAME = Carina;
			};
			name = Release;
		};
/* End XCBuildConfiguration section */

/* Begin XCConfigurationList section */
		9DCB2E3530293E5700D776CF /* Build configuration list for PBXProject "Carina" */ = {
			isa = XCConfigurationList;
			buildConfigurations = (
				9DCB2E5730293E5B00D776CF /* Debug configuration for PBXProject "Carina" */,
				9DCB2E5830293E5B00D776CF /* Release configuration for PBXProject "Carina" */,
			);
			defaultConfigurationName = Release;
		};
		9DCB2E5930293E5B00D776CF /* Build configuration list for PBXNativeTarget "Carina" */ = {
			isa = XCConfigurationList;
			buildConfigurations = (
				9DCB2E5A30293E5B00D776CF /* Debug configuration for PBXNativeTarget "Carina" */,
				9DCB2E5B30293E5B00D776CF /* Release configuration for PBXNativeTarget "Carina" */,
			);
			defaultConfigurationName = Release;
		};
		9DCB2E5C30293E5B00D776CF /* Build configuration list for PBXNativeTarget "CarinaTests" */ = {
			isa = XCConfigurationList;
			buildConfigurations = (
				9DCB2E5D30293E5B00D776CF /* Debug configuration for PBXNativeTarget "CarinaTests" */,
				9DCB2E5E30293E5B00D776CF /* Release configuration for PBXNativeTarget "CarinaTests" */,
			);
			defaultConfigurationName = Release;
		};
		9DCB2E5F30293E5B00D776CF /* Build configuration list for PBXNativeTarget "CarinaUITests" */ = {
			isa = XCConfigurationList;
			buildConfigurations = (
				9DCB2E6030293E5B00D776CF /* Debug configuration for PBXNativeTarget "CarinaUITests" */,
				9DCB2E6130293E5B00D776CF /* Release configuration for PBXNativeTarget "CarinaUITests" */,
			);
			defaultConfigurationName = Release;
		};
/* End XCConfigurationList section */
	};
	rootObject = 9DCB2E3230293E5700D776CF /* Project object */;
	validationLevel = 1;
}
